github.com/a-h/templ v0.2.793 h1:Io+/ocnfGWYO4VHdR0zBbf39PQlnzVCVVD+wEEs6/qY=
github.com/a-h/templ v0.2.793/go.mod h1:lq48JXoUvuQrU0VThrK31yFwdRjTCnIE5bcPCM9IP1w=
github.com/google/go-cmp v0.6.0 h1:ofyhxvXcZhMsU5ulbFiLKl/XBFqE1GSq7atu8tAmTRI=
github.com/google/go-cmp v0.6.0/go.mod h1:17dUlkBOakJ0+DkrSSNjCkIjxS6bF9zb3elmeNGIjoY=
github.com/troygilman0/gong v0.0.0-20250104220028-4036c5b984fe h1:BfLe6nxCiDd3RT0rJuWfMmamknuSV+okWY/SqoiqzJc=
github.com/troygilman0/gong v0.0.0-20250104220028-4036c5b984fe/go.mod h1:FAszr7pkKrTh+/NByJrJ572W0IuVuzsJvSAaEqpK+Lk=
github.com/troygilman0/gong v0.0.0-20250104233341-9f2500d601b2 h1:0b9P3AxaYuhtsBk6JuR0QHqwlScYJceRDEhtlHgqYFw=
github.com/troygilman0/gong v0.0.0-20250104233341-9f2500d601b2/go.mod h1:FAszr7pkKrTh+/NByJrJ572W0IuVuzsJvSAaEqpK+Lk=
